
Microsoft Visual Studio Solution File, Format Version 12.00
# Visual Studio Version 16
VisualStudioVersion = 16.0.30413.136
MinimumVisualStudioVersion = 10.0.40219.1
Project("{9A19103F-16F7-4668-BE54-9A1E7A4F7556}") = "PromotionEngine.Library", "PromotionEngine.Library\PromotionEngine.Library.csproj", "{605E0206-643D-420F-94FD-2815F03A4D19}"
EndProject
Project("{FAE04EC0-301F-11D3-BF4B-00C04F79EFBC}") = "PromotionEngine.Library.Test", "PromotionEngine.Library.Test\PromotionEngine.Library.Test.csproj", "{A21B0CBF-8421-4A5E-8FEF-A98CD10341CF}"
EndProject
Global
	GlobalSection(SolutionConfigurationPlatforms) = preSolution
		Debug|Any CPU = Debug|Any CPU
		Release|Any CPU = Release|Any CPU
	EndGlobalSection
	GlobalSection(ProjectConfigurationPlatforms) = postSolution
		{605E0206-643D-420F-94FD-2815F03A4D19}.Debug|Any CPU.ActiveCfg = Debug|Any CPU
		{605E0206-643D-420F-94FD-2815F03A4D19}.Debug|Any CPU.Build.0 = Debug|Any CPU
		{605E0206-643D-420F-94FD-2815F03A4D19}.Release|Any CPU.ActiveCfg = Release|Any CPU
		{605E0206-643D-420F-94FD-2815F03A4D19}.Release|Any CPU.Build.0 = Release|Any CPU
		{A21B0CBF-8421-4A5E-8FEF-A98CD10341CF}.Debug|Any CPU.ActiveCfg = Debug|Any CPU
		{A21B0CBF-8421-4A5E-8FEF-A98CD10341CF}.Debug|Any CPU.Build.0 = Debug|Any CPU
		{A21B0CBF-8421-4A5E-8FEF-A98CD10341CF}.Release|Any CPU.ActiveCfg = Release|Any CPU
		{A21B0CBF-8421-4A5E-8FEF-A98CD10341CF}.Release|Any CPU.Build.0 = Release|Any CPU
	EndGlobalSection
	GlobalSection(SolutionProperties) = preSolution
		HideSolutionNode = FALSE
	EndGlobalSection
	GlobalSection(ExtensibilityGlobals) = postSolution
		SolutionGuid = {B20C67D4-74AF-436D-9490-4A0215085BE0}
	EndGlobalSection
EndGlobal
